
Microsoft Visual Studio Solution File, Format Version 12.00
# Visual Studio Version 16
VisualStudioVersion = 16.0.32126.315
MinimumVisualStudioVersion = 10.0.40219.1
Project("{8BC9CEB8-8B4A-11D0-8D11-00A0C91BC942}") = "ScreenVideo", "ScreenVideo.vcxproj", "{CC34B603-4E83-46AD-B8DC-B365B87A3390}"
EndProject
Global
	GlobalSection(SolutionConfigurationPlatforms) = preSolution
		Debug|x64 = Debug|x64
		Release|x64 = Release|x64
	EndGlobalSection
	GlobalSection(ProjectConfigurationPlatforms) = postSolution
		{CC34B603-4E83-46AD-B8DC-B365B87A3390}.Debug|x64.ActiveCfg = Debug|x64
		{CC34B603-4E83-46AD-B8DC-B365B87A3390}.Debug|x64.Build.0 = Debug|x64
		{CC34B603-4E83-46AD-B8DC-B365B87A3390}.Release|x64.ActiveCfg = Release|x64
		{CC34B603-4E83-46AD-B8DC-B365B87A3390}.Release|x64.Build.0 = Release|x64
	EndGlobalSection
	GlobalSection(SolutionProperties) = preSolution
		HideSolutionNode = FALSE
	EndGlobalSection
	GlobalSection(ExtensibilityGlobals) = postSolution
		SolutionGuid = {87B0BAEF-5717-4EF5-9DCE-DFD9CD850A22}
	EndGlobalSection
EndGlobal
